
Microsoft Visual Studio Solution File, Format Version 12.00
# Visual Studio Version 17
VisualStudioVersion = 17.5.33516.290
MinimumVisualStudioVersion = 10.0.40219.1
Project("{9A19103F-16F7-4668-BE54-9A1E7A4F7556}") = "PublishDonationMessageOntoQueue", "PublishDonationMessageOntoQueue\PublishDonationMessageOntoQueue.csproj", "{D3D94FE6-3FC8-4E13-9DC5-FB69D4C12414}"
EndProject
Project("{9A19103F-16F7-4668-BE54-9A1E7A4F7556}") = "Domain", "Domain\Domain.csproj", "{B1C5B61D-6810-42EC-A52A-1DF2EBA50CE2}"
EndProject
Project("{9A19103F-16F7-4668-BE54-9A1E7A4F7556}") = "DAL", "DAL\DAL.csproj", "{7B83AE52-F5CF-4A96-A845-8E5B609B9031}"
EndProject
Project("{9A19103F-16F7-4668-BE54-9A1E7A4F7556}") = "Service", "Service\Service.csproj", "{3DECF21B-14D5-465A-AF20-9E3C096DF672}"
EndProject
Global
	GlobalSection(SolutionConfigurationPlatforms) = preSolution
		Debug|Any CPU = Debug|Any CPU
		Release|Any CPU = Release|Any CPU
	EndGlobalSection
	GlobalSection(ProjectConfigurationPlatforms) = postSolution
		{D3D94FE6-3FC8-4E13-9DC5-FB69D4C12414}.Debug|Any CPU.ActiveCfg = Debug|Any CPU
		{D3D94FE6-3FC8-4E13-9DC5-FB69D4C12414}.Debug|Any CPU.Build.0 = Debug|Any CPU
		{D3D94FE6-3FC8-4E13-9DC5-FB69D4C12414}.Release|Any CPU.ActiveCfg = Release|Any CPU
		{D3D94FE6-3FC8-4E13-9DC5-FB69D4C12414}.Release|Any CPU.Build.0 = Release|Any CPU
		{B1C5B61D-6810-42EC-A52A-1DF2EBA50CE2}.Debug|Any CPU.ActiveCfg = Debug|Any CPU
		{B1C5B61D-6810-42EC-A52A-1DF2EBA50CE2}.Debug|Any CPU.Build.0 = Debug|Any CPU
		{B1C5B61D-6810-42EC-A52A-1DF2EBA50CE2}.Release|Any CPU.ActiveCfg = Release|Any CPU
		{B1C5B61D-6810-42EC-A52A-1DF2EBA50CE2}.Release|Any CPU.Build.0 = Release|Any CPU
		{7B83AE52-F5CF-4A96-A845-8E5B609B9031}.Debug|Any CPU.ActiveCfg = Debug|Any CPU
		{7B83AE52-F5CF-4A96-A845-8E5B609B9031}.Debug|Any CPU.Build.0 = Debug|Any CPU
		{7B83AE52-F5CF-4A96-A845-8E5B609B9031}.Release|Any CPU.ActiveCfg = Release|Any CPU
		{7B83AE52-F5CF-4A96-A845-8E5B609B9031}.Release|Any CPU.Build.0 = Release|Any CPU
		{3DECF21B-14D5-465A-AF20-9E3C096DF672}.Debug|Any CPU.ActiveCfg = Debug|Any CPU
		{3DECF21B-14D5-465A-AF20-9E3C096DF672}.Debug|Any CPU.Build.0 = Debug|Any CPU
		{3DECF21B-14D5-465A-AF20-9E3C096DF672}.Release|Any CPU.ActiveCfg = Release|Any CPU
		{3DECF21B-14D5-465A-AF20-9E3C096DF672}.Release|Any CPU.Build.0 = Release|Any CPU
	EndGlobalSection
	GlobalSection(SolutionProperties) = preSolution
		HideSolutionNode = FALSE
	EndGlobalSection
	GlobalSection(ExtensibilityGlobals) = postSolution
		SolutionGuid = {3BF026CB-0665-440F-942E-846E3D5DD54C}
	EndGlobalSection
EndGlobal
